
Microsoft Visual Studio Solution File, Format Version 12.00
# Visual Studio Version 16
VisualStudioVersion = 16.0.31605.320
MinimumVisualStudioVersion = 10.0.40219.1
Project("{FAE04EC0-301F-11D3-BF4B-00C04F79EFBC}") = "ExercicioAluno", "ExercicioAluno\ExercicioAluno.csproj", "{2AC63BE6-E22A-4674-9A13-BF02B3616A2C}"
EndProject
Global
	GlobalSection(SolutionConfigurationPlatforms) = preSolution
		Debug|Any CPU = Debug|Any CPU
		Release|Any CPU = Release|Any CPU
	EndGlobalSection
	GlobalSection(ProjectConfigurationPlatforms) = postSolution
		{2AC63BE6-E22A-4674-9A13-BF02B3616A2C}.Debug|Any CPU.ActiveCfg = Debug|Any CPU
		{2AC63BE6-E22A-4674-9A13-BF02B3616A2C}.Debug|Any CPU.Build.0 = Debug|Any CPU
		{2AC63BE6-E22A-4674-9A13-BF02B3616A2C}.Release|Any CPU.ActiveCfg = Release|Any CPU
		{2AC63BE6-E22A-4674-9A13-BF02B3616A2C}.Release|Any CPU.Build.0 = Release|Any CPU
	EndGlobalSection
	GlobalSection(SolutionProperties) = preSolution
		HideSolutionNode = FALSE
	EndGlobalSection
	GlobalSection(ExtensibilityGlobals) = postSolution
		SolutionGuid = {DFD2BC5E-EC8D-4B44-A2B4-9C163DB00F7D}
	EndGlobalSection
EndGlobal
